Microsoft Visual Studio Solution File, Format Version 11.00
# Visual Studio 2008

Project("{CAF24397-5BBD-32B5-42DD-C520C84E4676}") = "sunset stickfigures", "Assembly-CSharp.csproj", "{69B47E4E-31AE-A7B9-B069-729FB4D2B3FA}"
EndProject
Global
	GlobalSection(SolutionConfigurationPlatforms) = preSolution
		Debug|Any CPU = Debug|Any CPU
		Release|Any CPU = Release|Any CPU
	EndGlobalSection
	GlobalSection(ProjectConfigurationPlatforms) = postSolution
		{69B47E4E-31AE-A7B9-B069-729FB4D2B3FA}.Debug|Any CPU.ActiveCfg = Debug|Any CPU
		{69B47E4E-31AE-A7B9-B069-729FB4D2B3FA}.Debug|Any CPU.Build.0 = Debug|Any CPU
		{69B47E4E-31AE-A7B9-B069-729FB4D2B3FA}.Release|Any CPU.ActiveCfg = Release|Any CPU
		{69B47E4E-31AE-A7B9-B069-729FB4D2B3FA}.Release|Any CPU.Build.0 = Release|Any CPU
	EndGlobalSection
	GlobalSection(SolutionProperties) = preSolution
		HideSolutionNode = FALSE
	EndGlobalSection
	GlobalSection(MonoDevelopProperties) = preSolution
		StartupItem = Assembly-CSharp.csproj
	EndGlobalSection
EndGlobal
